
Microsoft Visual Studio Solution File, Format Version 12.00
# Visual Studio Version 17
VisualStudioVersion = 17.13.35825.156
MinimumVisualStudioVersion = 10.0.40219.1
Project("{2150E333-8FDC-42A3-9474-1A3956D46DE8}") = "Modules", "Modules", "{02EA681E-C7D8-13C7-8484-4AC65E1B71E8}"
EndProject
Project("{2150E333-8FDC-42A3-9474-1A3956D46DE8}") = "Order", "Order", "{4C535885-F3E6-489D-8AB5-8FC2F805BF6C}"
EndProject
Project("{2150E333-8FDC-42A3-9474-1A3956D46DE8}") = "Booking", "Booking", "{15910E23-5A0E-4FEC-90B7-72C1C4AB8A2C}"
EndProject
Project("{2150E333-8FDC-42A3-9474-1A3956D46DE8}") = "Core", "Core", "{0C3180DC-D61B-4802-AAA7-6A1349127B7F}"
EndProject
Project("{2150E333-8FDC-42A3-9474-1A3956D46DE8}") = "Infrastructure", "Infrastructure", "{1508A633-AFA9-4DFB-93A4-343902387AE3}"
EndProject
Project("{FAE04EC0-301F-11D3-BF4B-00C04F79EFBC}") = "OrderModule.Domain", "OrderModule.Domain\OrderModule.Domain.csproj", "{FAA57650-1544-49B4-9DC0-983BE9CCCDED}"
EndProject
Project("{FAE04EC0-301F-11D3-BF4B-00C04F79EFBC}") = "OrderModule.Application", "OrderModule.Application\OrderModule.Application.csproj", "{D0CFC522-12B7-4CE9-B472-791110E98111}"
EndProject
Project("{FAE04EC0-301F-11D3-BF4B-00C04F79EFBC}") = "OrderModule.Infrastructure", "OrderModule.Infrastructure\OrderModule.Infrastructure.csproj", "{CD02731C-4F7E-431F-963E-E39D9F452C25}"
EndProject
Project("{2150E333-8FDC-42A3-9474-1A3956D46DE8}") = "Core", "Core", "{8FC15ABC-A682-4D9C-B984-CB66C6E1E5AD}"
EndProject
Project("{2150E333-8FDC-42A3-9474-1A3956D46DE8}") = "Infrastructure", "Infrastructure", "{97E24BE0-1395-40CB-8BB5-F0194CCD81FE}"
EndProject
Project("{FAE04EC0-301F-11D3-BF4B-00C04F79EFBC}") = "BookingModule.Application", "BookingModule.Application\BookingModule.Application.csproj", "{954D9611-77A0-461D-AB76-BA56481B0F70}"
EndProject
Project("{FAE04EC0-301F-11D3-BF4B-00C04F79EFBC}") = "BookingModule.Domain", "BookingModule.Domain\BookingModule.Domain.csproj", "{EBD40D31-D2A9-45E7-A6C2-4DDCE9452B4D}"
EndProject
Project("{FAE04EC0-301F-11D3-BF4B-00C04F79EFBC}") = "BookingModule.Infrastructure", "BookingModule.Infrastructure\BookingModule.Infrastructure.csproj", "{9EFC76EA-27F2-497F-AB40-4AB5E4AFEECC}"
EndProject
Project("{2150E333-8FDC-42A3-9474-1A3956D46DE8}") = "Shared", "Shared", "{8DCD3AF6-CF40-42C1-8925-D0479A643E26}"
EndProject
Project("{FAE04EC0-301F-11D3-BF4B-00C04F79EFBC}") = "SharedModule", "SharedModule\SharedModule.csproj", "{FD37B185-BDC6-4CC2-BF0A-FAC0E67045D1}"
EndProject
Project("{2150E333-8FDC-42A3-9474-1A3956D46DE8}") = "User", "User", "{CD00C352-A0D5-4B84-98D2-0DA38E8A582B}"
EndProject
Project("{2150E333-8FDC-42A3-9474-1A3956D46DE8}") = "Core", "Core", "{BBDB4C4D-EC97-4E31-AEEC-440C6E221063}"
EndProject
Project("{2150E333-8FDC-42A3-9474-1A3956D46DE8}") = "Infrastructure", "Infrastructure", "{F399DC6E-C920-49CA-ADF9-83984A9CA454}"
EndProject
Project("{FAE04EC0-301F-11D3-BF4B-00C04F79EFBC}") = "UserModule.Application", "UserModule.Application\UserModule.Application.csproj", "{89770FB5-0FA8-4867-8AB9-E5F6BF09A6B1}"
EndProject
Project("{FAE04EC0-301F-11D3-BF4B-00C04F79EFBC}") = "UserModule.Domain", "UserModule.Domain\UserModule.Domain.csproj", "{AAE79F38-E152-4482-9CAB-610AA6B170E1}"
EndProject
Project("{FAE04EC0-301F-11D3-BF4B-00C04F79EFBC}") = "UserModule.Infrastructure", "UserModule.Infrastructure\UserModule.Infrastructure.csproj", "{0A8C5475-5A46-42F8-9DE8-AF8D70AF98AE}"
EndProject
Project("{2150E333-8FDC-42A3-9474-1A3956D46DE8}") = "Presentation", "Presentation", "{A29D4058-B153-4282-93E7-8A1F703C4536}"
EndProject
Project("{2150E333-8FDC-42A3-9474-1A3956D46DE8}") = "Presentation", "Presentation", "{19E73A88-BC75-4A2D-838B-A8015944A1D5}"
EndProject
Project("{2150E333-8FDC-42A3-9474-1A3956D46DE8}") = "Presentation", "Presentation", "{6ECCABFA-FC9E-4C17-B95B-C789409F2A0D}"
EndProject
Project("{FAE04EC0-301F-11D3-BF4B-00C04F79EFBC}") = "OrderModule.API", "OrderModule.API\OrderModule.API.csproj", "{14CDCCE1-F53E-4975-A6C4-0E14C9FDA7E2}"
EndProject
Project("{FAE04EC0-301F-11D3-BF4B-00C04F79EFBC}") = "BookingModule.API", "BookingModule.API\BookingModule.API.csproj", "{65191419-6536-4C58-898C-C6D2AE62AF39}"
EndProject
Project("{FAE04EC0-301F-11D3-BF4B-00C04F79EFBC}") = "UserModule.API", "UserModule.API\UserModule.API.csproj", "{00A0B883-4872-4945-8D9D-CA6497834E92}"
EndProject
Project("{2150E333-8FDC-42A3-9474-1A3956D46DE8}") = "Gateway", "Gateway", "{90E76908-CC32-4BF8-BD50-5E26D41261A1}"
EndProject
Project("{FAE04EC0-301F-11D3-BF4B-00C04F79EFBC}") = "API.Gateway", "API.Gateway\API.Gateway.csproj", "{33506D7C-2D4D-4B4E-8ADA-6D913521076D}"
EndProject
Global
	GlobalSection(SolutionConfigurationPlatforms) = preSolution
		Debug|Any CPU = Debug|Any CPU
		Release|Any CPU = Release|Any CPU
	EndGlobalSection
	GlobalSection(ProjectConfigurationPlatforms) = postSolution
		{FAA57650-1544-49B4-9DC0-983BE9CCCDED}.Debug|Any CPU.ActiveCfg = Debug|Any CPU
		{FAA57650-1544-49B4-9DC0-983BE9CCCDED}.Debug|Any CPU.Build.0 = Debug|Any CPU
		{FAA57650-1544-49B4-9DC0-983BE9CCCDED}.Release|Any CPU.ActiveCfg = Release|Any CPU
		{FAA57650-1544-49B4-9DC0-983BE9CCCDED}.Release|Any CPU.Build.0 = Release|Any CPU
		{D0CFC522-12B7-4CE9-B472-791110E98111}.Debug|Any CPU.ActiveCfg = Debug|Any CPU
		{D0CFC522-12B7-4CE9-B472-791110E98111}.Debug|Any CPU.Build.0 = Debug|Any CPU
		{D0CFC522-12B7-4CE9-B472-791110E98111}.Release|Any CPU.ActiveCfg = Release|Any CPU
		{D0CFC522-12B7-4CE9-B472-791110E98111}.Release|Any CPU.Build.0 = Release|Any CPU
		{CD02731C-4F7E-431F-963E-E39D9F452C25}.Debug|Any CPU.ActiveCfg = Debug|Any CPU
		{CD02731C-4F7E-431F-963E-E39D9F452C25}.Debug|Any CPU.Build.0 = Debug|Any CPU
		{CD02731C-4F7E-431F-963E-E39D9F452C25}.Release|Any CPU.ActiveCfg = Release|Any CPU
		{CD02731C-4F7E-431F-963E-E39D9F452C25}.Release|Any CPU.Build.0 = Release|Any CPU
		{954D9611-77A0-461D-AB76-BA56481B0F70}.Debug|Any CPU.ActiveCfg = Debug|Any CPU
		{954D9611-77A0-461D-AB76-BA56481B0F70}.Debug|Any CPU.Build.0 = Debug|Any CPU
		{954D9611-77A0-461D-AB76-BA56481B0F70}.Release|Any CPU.ActiveCfg = Release|Any CPU
		{954D9611-77A0-461D-AB76-BA56481B0F70}.Release|Any CPU.Build.0 = Release|Any CPU
		{EBD40D31-D2A9-45E7-A6C2-4DDCE9452B4D}.Debug|Any CPU.ActiveCfg = Debug|Any CPU
		{EBD40D31-D2A9-45E7-A6C2-4DDCE9452B4D}.Debug|Any CPU.Build.0 = Debug|Any CPU
		{EBD40D31-D2A9-45E7-A6C2-4DDCE9452B4D}.Release|Any CPU.ActiveCfg = Release|Any CPU
		{EBD40D31-D2A9-45E7-A6C2-4DDCE9452B4D}.Release|Any CPU.Build.0 = Release|Any CPU
		{9EFC76EA-27F2-497F-AB40-4AB5E4AFEECC}.Debug|Any CPU.ActiveCfg = Debug|Any CPU
		{9EFC76EA-27F2-497F-AB40-4AB5E4AFEECC}.Debug|Any CPU.Build.0 = Debug|Any CPU
		{9EFC76EA-27F2-497F-AB40-4AB5E4AFEECC}.Release|Any CPU.ActiveCfg = Release|Any CPU
		{9EFC76EA-27F2-497F-AB40-4AB5E4AFEECC}.Release|Any CPU.Build.0 = Release|Any CPU
		{FD37B185-BDC6-4CC2-BF0A-FAC0E67045D1}.Debug|Any CPU.ActiveCfg = Debug|Any CPU
		{FD37B185-BDC6-4CC2-BF0A-FAC0E67045D1}.Debug|Any CPU.Build.0 = Debug|Any CPU
		{FD37B185-BDC6-4CC2-BF0A-FAC0E67045D1}.Release|Any CPU.ActiveCfg = Release|Any CPU
		{FD37B185-BDC6-4CC2-BF0A-FAC0E67045D1}.Release|Any CPU.Build.0 = Release|Any CPU
		{89770FB5-0FA8-4867-8AB9-E5F6BF09A6B1}.Debug|Any CPU.ActiveCfg = Debug|Any CPU
		{89770FB5-0FA8-4867-8AB9-E5F6BF09A6B1}.Debug|Any CPU.Build.0 = Debug|Any CPU
		{89770FB5-0FA8-4867-8AB9-E5F6BF09A6B1}.Release|Any CPU.ActiveCfg = Release|Any CPU
		{89770FB5-0FA8-4867-8AB9-E5F6BF09A6B1}.Release|Any CPU.Build.0 = Release|Any CPU
		{AAE79F38-E152-4482-9CAB-610AA6B170E1}.Debug|Any CPU.ActiveCfg = Debug|Any CPU
		{AAE79F38-E152-4482-9CAB-610AA6B170E1}.Debug|Any CPU.Build.0 = Debug|Any CPU
		{AAE79F38-E152-4482-9CAB-610AA6B170E1}.Release|Any CPU.ActiveCfg = Release|Any CPU
		{AAE79F38-E152-4482-9CAB-610AA6B170E1}.Release|Any CPU.Build.0 = Release|Any CPU
		{0A8C5475-5A46-42F8-9DE8-AF8D70AF98AE}.Debug|Any CPU.ActiveCfg = Debug|Any CPU
		{0A8C5475-5A46-42F8-9DE8-AF8D70AF98AE}.Debug|Any CPU.Build.0 = Debug|Any CPU
		{0A8C5475-5A46-42F8-9DE8-AF8D70AF98AE}.Release|Any CPU.ActiveCfg = Release|Any CPU
		{0A8C5475-5A46-42F8-9DE8-AF8D70AF98AE}.Release|Any CPU.Build.0 = Release|Any CPU
		{14CDCCE1-F53E-4975-A6C4-0E14C9FDA7E2}.Debug|Any CPU.ActiveCfg = Debug|Any CPU
		{14CDCCE1-F53E-4975-A6C4-0E14C9FDA7E2}.Debug|Any CPU.Build.0 = Debug|Any CPU
		{14CDCCE1-F53E-4975-A6C4-0E14C9FDA7E2}.Release|Any CPU.ActiveCfg = Release|Any CPU
		{14CDCCE1-F53E-4975-A6C4-0E14C9FDA7E2}.Release|Any CPU.Build.0 = Release|Any CPU
		{65191419-6536-4C58-898C-C6D2AE62AF39}.Debug|Any CPU.ActiveCfg = Debug|Any CPU
		{65191419-6536-4C58-898C-C6D2AE62AF39}.Debug|Any CPU.Build.0 = Debug|Any CPU
		{65191419-6536-4C58-898C-C6D2AE62AF39}.Release|Any CPU.ActiveCfg = Release|Any CPU
		{65191419-6536-4C58-898C-C6D2AE62AF39}.Release|Any CPU.Build.0 = Release|Any CPU
		{00A0B883-4872-4945-8D9D-CA6497834E92}.Debug|Any CPU.ActiveCfg = Debug|Any CPU
		{00A0B883-4872-4945-8D9D-CA6497834E92}.Debug|Any CPU.Build.0 = Debug|Any CPU
		{00A0B883-4872-4945-8D9D-CA6497834E92}.Release|Any CPU.ActiveCfg = Release|Any CPU
		{00A0B883-4872-4945-8D9D-CA6497834E92}.Release|Any CPU.Build.0 = Release|Any CPU
		{33506D7C-2D4D-4B4E-8ADA-6D913521076D}.Debug|Any CPU.ActiveCfg = Debug|Any CPU
		{33506D7C-2D4D-4B4E-8ADA-6D913521076D}.Debug|Any CPU.Build.0 = Debug|Any CPU
		{33506D7C-2D4D-4B4E-8ADA-6D913521076D}.Release|Any CPU.ActiveCfg = Release|Any CPU
		{33506D7C-2D4D-4B4E-8ADA-6D913521076D}.Release|Any CPU.Build.0 = Release|Any CPU
	EndGlobalSection
	GlobalSection(SolutionProperties) = preSolution
		HideSolutionNode = FALSE
	EndGlobalSection
	GlobalSection(NestedProjects) = preSolution
		{4C535885-F3E6-489D-8AB5-8FC2F805BF6C} = {02EA681E-C7D8-13C7-8484-4AC65E1B71E8}
		{15910E23-5A0E-4FEC-90B7-72C1C4AB8A2C} = {02EA681E-C7D8-13C7-8484-4AC65E1B71E8}
		{0C3180DC-D61B-4802-AAA7-6A1349127B7F} = {4C535885-F3E6-489D-8AB5-8FC2F805BF6C}
		{1508A633-AFA9-4DFB-93A4-343902387AE3} = {4C535885-F3E6-489D-8AB5-8FC2F805BF6C}
		{FAA57650-1544-49B4-9DC0-983BE9CCCDED} = {0C3180DC-D61B-4802-AAA7-6A1349127B7F}
		{D0CFC522-12B7-4CE9-B472-791110E98111} = {0C3180DC-D61B-4802-AAA7-6A1349127B7F}
		{CD02731C-4F7E-431F-963E-E39D9F452C25} = {1508A633-AFA9-4DFB-93A4-343902387AE3}
		{8FC15ABC-A682-4D9C-B984-CB66C6E1E5AD} = {15910E23-5A0E-4FEC-90B7-72C1C4AB8A2C}
		{97E24BE0-1395-40CB-8BB5-F0194CCD81FE} = {15910E23-5A0E-4FEC-90B7-72C1C4AB8A2C}
		{954D9611-77A0-461D-AB76-BA56481B0F70} = {8FC15ABC-A682-4D9C-B984-CB66C6E1E5AD}
		{EBD40D31-D2A9-45E7-A6C2-4DDCE9452B4D} = {8FC15ABC-A682-4D9C-B984-CB66C6E1E5AD}
		{9EFC76EA-27F2-497F-AB40-4AB5E4AFEECC} = {97E24BE0-1395-40CB-8BB5-F0194CCD81FE}
		{8DCD3AF6-CF40-42C1-8925-D0479A643E26} = {02EA681E-C7D8-13C7-8484-4AC65E1B71E8}
		{FD37B185-BDC6-4CC2-BF0A-FAC0E67045D1} = {8DCD3AF6-CF40-42C1-8925-D0479A643E26}
		{CD00C352-A0D5-4B84-98D2-0DA38E8A582B} = {02EA681E-C7D8-13C7-8484-4AC65E1B71E8}
		{BBDB4C4D-EC97-4E31-AEEC-440C6E221063} = {CD00C352-A0D5-4B84-98D2-0DA38E8A582B}
		{F399DC6E-C920-49CA-ADF9-83984A9CA454} = {CD00C352-A0D5-4B84-98D2-0DA38E8A582B}
		{89770FB5-0FA8-4867-8AB9-E5F6BF09A6B1} = {BBDB4C4D-EC97-4E31-AEEC-440C6E221063}
		{AAE79F38-E152-4482-9CAB-610AA6B170E1} = {BBDB4C4D-EC97-4E31-AEEC-440C6E221063}
		{0A8C5475-5A46-42F8-9DE8-AF8D70AF98AE} = {F399DC6E-C920-49CA-ADF9-83984A9CA454}
		{A29D4058-B153-4282-93E7-8A1F703C4536} = {15910E23-5A0E-4FEC-90B7-72C1C4AB8A2C}
		{19E73A88-BC75-4A2D-838B-A8015944A1D5} = {4C535885-F3E6-489D-8AB5-8FC2F805BF6C}
		{6ECCABFA-FC9E-4C17-B95B-C789409F2A0D} = {CD00C352-A0D5-4B84-98D2-0DA38E8A582B}
		{14CDCCE1-F53E-4975-A6C4-0E14C9FDA7E2} = {19E73A88-BC75-4A2D-838B-A8015944A1D5}
		{65191419-6536-4C58-898C-C6D2AE62AF39} = {A29D4058-B153-4282-93E7-8A1F703C4536}
		{00A0B883-4872-4945-8D9D-CA6497834E92} = {6ECCABFA-FC9E-4C17-B95B-C789409F2A0D}
		{33506D7C-2D4D-4B4E-8ADA-6D913521076D} = {90E76908-CC32-4BF8-BD50-5E26D41261A1}
	EndGlobalSection
	GlobalSection(ExtensibilityGlobals) = postSolution
		SolutionGuid = {329543B5-B1B7-4C84-96E7-0A01873B60DB}
	EndGlobalSection
EndGlobal
